github.com/Eyevinn/hls-m3u8 v0.6.5 h1:qcX5h+kh3RDUQsvWzS0G8NdLquHi6eY3Ap67ywzIjgY=
github.com/Eyevinn/hls-m3u8 v0.6.5/go.mod h1:9jzVfwCo1+TC6yz+TKDBt9gIshzI9fhVE7M5AhcOSnQ=
github.com/google/go-cmp v0.7.0 h1:wk8382ETsv4JYUZwIsn6YpYiWiBsYLSJiTsyBybVuN8=
github.com/google/go-cmp v0.7.0/go.mod h1:pXiqmnSA92OHEEa9HXL2W4E7lf9JzCmGVUdgjX3N/iU=
github.com/matryer/is v1.4.1 h1:55ehd8zaGABKLXQUe2awZ99BD/PTc2ls+KV/dXphgEQ=
github.com/matryer/is v1.4.1/go.mod h1:8I/i5uYgLzgsgEloJE1U6xx5HkBQpAZvepWuujKwMRU=
github.com/sherif-fanous/xmltv v1.2.1 h1:lNfVISuphfvAdw+ul3tYqDO6BRBLGGsv2lLK0ag46ko=
github.com/sherif-fanous/xmltv v1.2.1/go.mod h1:StCZHGBCWBTdB2KB/hmZ+iLC1qYNre0uMBLZhRonCvI=
golang.org/x/net v0.48.0 h1:zyQRTTrjc33Lhh0fBgT/H3oZq9WuvRR5gPC70xpDiQU=
golang.org/x/net v0.48.0/go.mod h1:+ndRgGjkh8FGtu1w1FGbEC31if4VrNVMuKTgcAAnQRY=
golang.org/x/sync v0.17.0 h1:l60nONMj9l5drqw6jlhIELNv9I0A4OFgRsG9k2oT9Ug=
golang.org/x/sync v0.17.0/go.mod h1:9KTHXmSnoGruLpwFjVSX0lNNA75CykiMECbovNTZqGI=
